
Microsoft Visual Studio Solution File, Format Version 12.00
# Visual Studio 15
VisualStudioVersion = 15.0.28307.572
MinimumVisualStudioVersion = 10.0.40219.1
Project("{9A19103F-16F7-4668-BE54-9A1E7A4F7556}") = "Runpath.Api", "Runpath.Api\Runpath.Api.csproj", "{CB9677D1-6BD6-4A50-8BF9-16D13A8F7102}"
EndProject
Project("{9A19103F-16F7-4668-BE54-9A1E7A4F7556}") = "Runpath.Common", "Runpath.Common\Runpath.Common.csproj", "{EE7E2D5A-A12E-4DF3-8899-FC5275C7B206}"
EndProject
Project("{9A19103F-16F7-4668-BE54-9A1E7A4F7556}") = "Runpath.Services", "Runpath.Services\Runpath.Services.csproj", "{A8877776-261D-4421-B627-86DB9B12B1F6}"
EndProject
Project("{9A19103F-16F7-4668-BE54-9A1E7A4F7556}") = "Runpath.Dto", "Runpath.Dto\Runpath.Dto.csproj", "{A67EECA4-BFAE-49D3-BC0A-F459AD0FF8B9}"
EndProject
Project("{FAE04EC0-301F-11D3-BF4B-00C04F79EFBC}") = "Runpath.Services.Tests", "Runpath.Services.Tests\Runpath.Services.Tests.csproj", "{250FB4C1-73F5-47A2-ACA8-E272F72D673B}"
EndProject
Project("{2150E333-8FDC-42A3-9474-1A3956D46DE8}") = "src", "src", "{6BAADC87-F281-4022-903C-A22EAB20EF3B}"
EndProject
Project("{2150E333-8FDC-42A3-9474-1A3956D46DE8}") = "Tests", "Tests", "{C651B0A5-9CEC-4998-9F47-1585CEC0ADAD}"
EndProject
Project("{FAE04EC0-301F-11D3-BF4B-00C04F79EFBC}") = "Runpath.Api.Tests", "Runpath.Api.Tests\Runpath.Api.Tests.csproj", "{0BDB4501-85E9-4EC1-8CA5-8AA2A42A9661}"
EndProject
Global
	GlobalSection(SolutionConfigurationPlatforms) = preSolution
		Debug|Any CPU = Debug|Any CPU
		Release|Any CPU = Release|Any CPU
	EndGlobalSection
	GlobalSection(ProjectConfigurationPlatforms) = postSolution
		{CB9677D1-6BD6-4A50-8BF9-16D13A8F7102}.Debug|Any CPU.ActiveCfg = Debug|Any CPU
		{CB9677D1-6BD6-4A50-8BF9-16D13A8F7102}.Debug|Any CPU.Build.0 = Debug|Any CPU
		{CB9677D1-6BD6-4A50-8BF9-16D13A8F7102}.Release|Any CPU.ActiveCfg = Release|Any CPU
		{CB9677D1-6BD6-4A50-8BF9-16D13A8F7102}.Release|Any CPU.Build.0 = Release|Any CPU
		{EE7E2D5A-A12E-4DF3-8899-FC5275C7B206}.Debug|Any CPU.ActiveCfg = Debug|Any CPU
		{EE7E2D5A-A12E-4DF3-8899-FC5275C7B206}.Debug|Any CPU.Build.0 = Debug|Any CPU
		{EE7E2D5A-A12E-4DF3-8899-FC5275C7B206}.Release|Any CPU.ActiveCfg = Release|Any CPU
		{EE7E2D5A-A12E-4DF3-8899-FC5275C7B206}.Release|Any CPU.Build.0 = Release|Any CPU
		{A8877776-261D-4421-B627-86DB9B12B1F6}.Debug|Any CPU.ActiveCfg = Debug|Any CPU
		{A8877776-261D-4421-B627-86DB9B12B1F6}.Debug|Any CPU.Build.0 = Debug|Any CPU
		{A8877776-261D-4421-B627-86DB9B12B1F6}.Release|Any CPU.ActiveCfg = Release|Any CPU
		{A8877776-261D-4421-B627-86DB9B12B1F6}.Release|Any CPU.Build.0 = Release|Any CPU
		{A67EECA4-BFAE-49D3-BC0A-F459AD0FF8B9}.Debug|Any CPU.ActiveCfg = Debug|Any CPU
		{A67EECA4-BFAE-49D3-BC0A-F459AD0FF8B9}.Debug|Any CPU.Build.0 = Debug|Any CPU
		{A67EECA4-BFAE-49D3-BC0A-F459AD0FF8B9}.Release|Any CPU.ActiveCfg = Release|Any CPU
		{A67EECA4-BFAE-49D3-BC0A-F459AD0FF8B9}.Release|Any CPU.Build.0 = Release|Any CPU
		{250FB4C1-73F5-47A2-ACA8-E272F72D673B}.Debug|Any CPU.ActiveCfg = Debug|Any CPU
		{250FB4C1-73F5-47A2-ACA8-E272F72D673B}.Debug|Any CPU.Build.0 = Debug|Any CPU
		{250FB4C1-73F5-47A2-ACA8-E272F72D673B}.Release|Any CPU.ActiveCfg = Release|Any CPU
		{250FB4C1-73F5-47A2-ACA8-E272F72D673B}.Release|Any CPU.Build.0 = Release|Any CPU
		{0BDB4501-85E9-4EC1-8CA5-8AA2A42A9661}.Debug|Any CPU.ActiveCfg = Debug|Any CPU
		{0BDB4501-85E9-4EC1-8CA5-8AA2A42A9661}.Debug|Any CPU.Build.0 = Debug|Any CPU
		{0BDB4501-85E9-4EC1-8CA5-8AA2A42A9661}.Release|Any CPU.ActiveCfg = Release|Any CPU
		{0BDB4501-85E9-4EC1-8CA5-8AA2A42A9661}.Release|Any CPU.Build.0 = Release|Any CPU
	EndGlobalSection
	GlobalSection(SolutionProperties) = preSolution
		HideSolutionNode = FALSE
	EndGlobalSection
	GlobalSection(NestedProjects) = preSolution
		{EE7E2D5A-A12E-4DF3-8899-FC5275C7B206} = {6BAADC87-F281-4022-903C-A22EAB20EF3B}
		{A8877776-261D-4421-B627-86DB9B12B1F6} = {6BAADC87-F281-4022-903C-A22EAB20EF3B}
		{A67EECA4-BFAE-49D3-BC0A-F459AD0FF8B9} = {6BAADC87-F281-4022-903C-A22EAB20EF3B}
		{250FB4C1-73F5-47A2-ACA8-E272F72D673B} = {C651B0A5-9CEC-4998-9F47-1585CEC0ADAD}
		{0BDB4501-85E9-4EC1-8CA5-8AA2A42A9661} = {C651B0A5-9CEC-4998-9F47-1585CEC0ADAD}
	EndGlobalSection
	GlobalSection(ExtensibilityGlobals) = postSolution
		SolutionGuid = {17067D13-5E07-45C7-B31A-CDE6871D7130}
	EndGlobalSection
EndGlobal
